
Microsoft Visual Studio Solution File, Format Version 12.00
# Visual Studio Version 17
VisualStudioVersion = 17.10.35004.147
MinimumVisualStudioVersion = 10.0.40219.1
Project("{FAE04EC0-301F-11D3-BF4B-00C04F79EFBC}") = "CapaPresentacion", "CapaPresentacion\CapaPresentacion.csproj", "{23468DCF-CFA7-4555-8FFD-E3F257E8C4F9}"
EndProject
Project("{FAE04EC0-301F-11D3-BF4B-00C04F79EFBC}") = "CapaAplicación", "CapaAplicación\CapaAplicación.csproj", "{25BE25F5-D096-498E-881B-C6CC193F90A4}"
EndProject
Project("{FAE04EC0-301F-11D3-BF4B-00C04F79EFBC}") = "CapaDatos", "CapaDatos\CapaDatos.csproj", "{C451D767-3DEC-477C-BF2E-749DC38DEEC5}"
EndProject
Project("{FAE04EC0-301F-11D3-BF4B-00C04F79EFBC}") = "CapaEntidades", "CapaEntidades\CapaEntidades.csproj", "{F1C7DB70-1D3E-42D0-92C3-D981401E1796}"
EndProject
Global
	GlobalSection(SolutionConfigurationPlatforms) = preSolution
		Debug|Any CPU = Debug|Any CPU
		Release|Any CPU = Release|Any CPU
	EndGlobalSection
	GlobalSection(ProjectConfigurationPlatforms) = postSolution
		{23468DCF-CFA7-4555-8FFD-E3F257E8C4F9}.Debug|Any CPU.ActiveCfg = Debug|Any CPU
		{23468DCF-CFA7-4555-8FFD-E3F257E8C4F9}.Debug|Any CPU.Build.0 = Debug|Any CPU
		{23468DCF-CFA7-4555-8FFD-E3F257E8C4F9}.Release|Any CPU.ActiveCfg = Release|Any CPU
		{23468DCF-CFA7-4555-8FFD-E3F257E8C4F9}.Release|Any CPU.Build.0 = Release|Any CPU
		{25BE25F5-D096-498E-881B-C6CC193F90A4}.Debug|Any CPU.ActiveCfg = Debug|Any CPU
		{25BE25F5-D096-498E-881B-C6CC193F90A4}.Debug|Any CPU.Build.0 = Debug|Any CPU
		{25BE25F5-D096-498E-881B-C6CC193F90A4}.Release|Any CPU.ActiveCfg = Release|Any CPU
		{25BE25F5-D096-498E-881B-C6CC193F90A4}.Release|Any CPU.Build.0 = Release|Any CPU
		{C451D767-3DEC-477C-BF2E-749DC38DEEC5}.Debug|Any CPU.ActiveCfg = Debug|Any CPU
		{C451D767-3DEC-477C-BF2E-749DC38DEEC5}.Debug|Any CPU.Build.0 = Debug|Any CPU
		{C451D767-3DEC-477C-BF2E-749DC38DEEC5}.Release|Any CPU.ActiveCfg = Release|Any CPU
		{C451D767-3DEC-477C-BF2E-749DC38DEEC5}.Release|Any CPU.Build.0 = Release|Any CPU
		{F1C7DB70-1D3E-42D0-92C3-D981401E1796}.Debug|Any CPU.ActiveCfg = Debug|Any CPU
		{F1C7DB70-1D3E-42D0-92C3-D981401E1796}.Debug|Any CPU.Build.0 = Debug|Any CPU
		{F1C7DB70-1D3E-42D0-92C3-D981401E1796}.Release|Any CPU.ActiveCfg = Release|Any CPU
		{F1C7DB70-1D3E-42D0-92C3-D981401E1796}.Release|Any CPU.Build.0 = Release|Any CPU
	EndGlobalSection
	GlobalSection(SolutionProperties) = preSolution
		HideSolutionNode = FALSE
	EndGlobalSection
	GlobalSection(ExtensibilityGlobals) = postSolution
		SolutionGuid = {95DD8C65-C760-4710-8350-EDB52493457B}
	EndGlobalSection
EndGlobal
